// !$*UTF8*$!
{
	archiveVersion = 1;
	classes = {
	};
	objectVersion = 46;
	objects = {

/* Begin PBXBuildFile section */
		B04F33DF1B1EE4CB00F9E9EB /* main.m in Sources */ = {isa = PBXBuildFile; fileRef = B04F33DE1B1EE4CB00F9E9EB /* main.m */; };
		B04F33E21B1EE4CB00F9E9EB /* AppDelegate.m in Sources */ = {isa = PBXBuildFile; fileRef = B04F33E11B1EE4CB00F9E9EB /* AppDelegate.m */; };
		B04F33EA1B1EE4CB00F9E9EB /* Images.xcassets in Resources */ = {isa = PBXBuildFile; fileRef = B04F33E91B1EE4CB00F9E9EB /* Images.xcassets */; };
		B04F33ED1B1EE4CB00F9E9EB /* LaunchScreen.xib in Resources */ = {isa = PBXBuildFile; fileRef = B04F33EB1B1EE4CB00F9E9EB /* LaunchScreen.xib */; };
		B04F33F91B1EE4CB00F9E9EB /* CephMonitorTests.m in Sources */ = {isa = PBXBuildFile; fileRef = B04F33F81B1EE4CB00F9E9EB /* CephMonitorTests.m */; };
		B04F34131B1EE6E400F9E9EB /* UIColor+Extra.m in Sources */ = {isa = PBXBuildFile; fileRef = B04F340C1B1EE6E400F9E9EB /* UIColor+Extra.m */; };
		B04F34141B1EE6E400F9E9EB /* UIFont+Extra.m in Sources */ = {isa = PBXBuildFile; fileRef = B04F340E1B1EE6E400F9E9EB /* UIFont+Extra.m */; };
		B04F34151B1EE6E400F9E9EB /* UIImage+Extra.m in Sources */ = {isa = PBXBuildFile; fileRef = B04F34101B1EE6E400F9E9EB /* UIImage+Extra.m */; };
		B04F34161B1EE6E400F9E9EB /* UIView+Layout.m in Sources */ = {isa = PBXBuildFile; fileRef = B04F34121B1EE6E400F9E9EB /* UIView+Layout.m */; };
		B04F34271B1EE73800F9E9EB /* RESTClient+MDS.m in Sources */ = {isa = PBXBuildFile; fileRef = B04F341A1B1EE73800F9E9EB /* RESTClient+MDS.m */; };
		B04F34281B1EE73800F9E9EB /* RESTClient+MON.m in Sources */ = {isa = PBXBuildFile; fileRef = B04F341C1B1EE73800F9E9EB /* RESTClient+MON.m */; };
		B04F34291B1EE73800F9E9EB /* RESTClient+OSD.m in Sources */ = {isa = PBXBuildFile; fileRef = B04F341E1B1EE73800F9E9EB /* RESTClient+OSD.m */; };
		B04F342A1B1EE73800F9E9EB /* RESTClient+PG.m in Sources */ = {isa = PBXBuildFile; fileRef = B04F34201B1EE73800F9E9EB /* RESTClient+PG.m */; };
		B04F342B1B1EE73800F9E9EB /* RESTClient+Root.m in Sources */ = {isa = PBXBuildFile; fileRef = B04F34221B1EE73800F9E9EB /* RESTClient+Root.m */; };
		B04F342C1B1EE73800F9E9EB /* RESTClient+Tell.m in Sources */ = {isa = PBXBuildFile; fileRef = B04F34241B1EE73800F9E9EB /* RESTClient+Tell.m */; };
		B04F342D1B1EE73800F9E9EB /* RESTClient.m in Sources */ = {isa = PBXBuildFile; fileRef = B04F34261B1EE73800F9E9EB /* RESTClient.m */; };
		B04F34321B1EEEBC00F9E9EB /* OSDTableViewController.m in Sources */ = {isa = PBXBuildFile; fileRef = B04F34311B1EEEBC00F9E9EB /* OSDTableViewController.m */; };
		B04F34361B1EF84C00F9E9EB /* OSDTableViewCell.m in Sources */ = {isa = PBXBuildFile; fileRef = B04F34351B1EF84C00F9E9EB /* OSDTableViewCell.m */; };
		B04F34421B1F1F4200F9E9EB /* BaseModel.m in Sources */ = {isa = PBXBuildFile; fileRef = B04F34411B1F1F4200F9E9EB /* BaseModel.m */; };
		B04F34451B1F211200F9E9EB /* OSDModel.m in Sources */ = {isa = PBXBuildFile; fileRef = B04F34441B1F211200F9E9EB /* OSDModel.m */; };
		B05DBFA91B215D2B001E640D /* BaseViewController.m in Sources */ = {isa = PBXBuildFile; fileRef = B05DBFA81B215D2B001E640D /* BaseViewController.m */; };
		B05DBFAC1B215D3D001E640D /* BaseTableViewController.m in Sources */ = {isa = PBXBuildFile; fileRef = B05DBFAB1B215D3D001E640D /* BaseTableViewController.m */; };
		B05DBFAF1B215E3B001E640D /* SliderMenuViewController.m in Sources */ = {isa = PBXBuildFile; fileRef = B05DBFAE1B215E3B001E640D /* SliderMenuViewController.m */; };
		B05DBFB21B215E46001E640D /* SliderMenuView.m in Sources */ = {isa = PBXBuildFile; fileRef = B05DBFB11B215E46001E640D /* SliderMenuView.m */; };
		B05DBFB51B215EB5001E640D /* SliderMenuModel.m in Sources */ = {isa = PBXBuildFile; fileRef = B05DBFB41B215EB5001E640D /* SliderMenuModel.m */; };
		B05DBFB81B217296001E640D /* LoginViewController.m in Sources */ = {isa = PBXBuildFile; fileRef = B05DBFB71B217296001E640D /* LoginViewController.m */; };
		B05DBFBB1B2172D6001E640D /* LoginView.m in Sources */ = {isa = PBXBuildFile; fileRef = B05DBFBA1B2172D6001E640D /* LoginView.m */; };
		B05DBFBE1B21E5D3001E640D /* LogViewController.m in Sources */ = {isa = PBXBuildFile; fileRef = B05DBFBD1B21E5D3001E640D /* LogViewController.m */; };
		B05DBFC11B21E644001E640D /* LogTableViewCell.m in Sources */ = {isa = PBXBuildFile; fileRef = B05DBFC01B21E644001E640D /* LogTableViewCell.m */; };
		B05DBFC41B21E68A001E640D /* LogModel.m in Sources */ = {isa = PBXBuildFile; fileRef = B05DBFC31B21E68A001E640D /* LogModel.m */; };
		B05DBFC71B22A133001E640D /* HealthViewController.m in Sources */ = {isa = PBXBuildFile; fileRef = B05DBFC61B22A133001E640D /* HealthViewController.m */; };
		B05DBFCA1B22A1CA001E640D /* BaseCollectionViewController.m in Sources */ = {isa = PBXBuildFile; fileRef = B05DBFC91B22A1CA001E640D /* BaseCollectionViewController.m */; };
		B05DBFCE1B22A51C001E640D /* HealthViewFlowLayout.m in Sources */ = {isa = PBXBuildFile; fileRef = B05DBFCD1B22A51C001E640D /* HealthViewFlowLayout.m */; };
		B05DBFD11B22A5AA001E640D /* HealthCollectionViewCell.m in Sources */ = {isa = PBXBuildFile; fileRef = B05DBFD01B22A5AA001E640D /* HealthCollectionViewCell.m */; };
		B05DBFD41B22C461001E640D /* HealthModel.m in Sources */ = {isa = PBXBuildFile; fileRef = B05DBFD31B22C461001E640D /* HealthModel.m */; };
		B05DBFDC1B22E63F001E640D /* AlertTableViewCell.m in Sources */ = {isa = PBXBuildFile; fileRef = B05DBFD71B22E63F001E640D /* AlertTableViewCell.m */; };
		B05DBFDD1B22E63F001E640D /* AlertTableViewHeader.m in Sources */ = {isa = PBXBuildFile; fileRef = B05DBFD91B22E63F001E640D /* AlertTableViewHeader.m */; };
		B05DBFDE1B22E63F001E640D /* CustomAlertView.m in Sources */ = {isa = PBXBuildFile; fileRef = B05DBFDB1B22E63F001E640D /* CustomAlertView.m */; };
		DFAADC2FBAE0B2E0DB8BF0DA /* libPods-CephMonitor.a in Frameworks */ = {isa = PBXBuildFile; fileRef = 0D8CFC87B7EC3DF6D8026AA5 /* libPods-CephMonitor.a */; };
/* End PBXBuildFile section */

/* Begin PBXContainerItemProxy section */
		B04F33F31B1EE4CB00F9E9EB /* PBXContainerItemProxy */ = {
			isa = PBXContainerItemProxy;
			containerPortal = B04F33D11B1EE4CB00F9E9EB /* Project object */;
			proxyType = 1;
			remoteGlobalIDString = B04F33D81B1EE4CB00F9E9EB;
			remoteInfo = CephMonitor;
		};
/* End PBXContainerItemProxy section */

/* Begin PBXFileReference section */
		0D8CFC87B7EC3DF6D8026AA5 /* libPods-CephMonitor.a */ = {isa = PBXFileReference; explicitFileType = archive.ar; includeInIndex = 0; path = "libPods-CephMonitor.a"; sourceTree = BUILT_PRODUCTS_DIR; };
		46C23F11D268A6D7DEDD2CC3 /* Pods-CephMonitor.release.xcconfig */ = {isa = PBXFileReference; includeInIndex = 1; lastKnownFileType = text.xcconfig; name = "Pods-CephMonitor.release.xcconfig"; path = "Pods/Target Support Files/Pods-CephMonitor/Pods-CephMonitor.release.xcconfig"; sourceTree = "<group>"; };
		883E5E6D07738F4AA0A9A324 /* Pods-CephMonitor.debug.xcconfig */ = {isa = PBXFileReference; includeInIndex = 1; lastKnownFileType = text.xcconfig; name = "Pods-CephMonitor.debug.xcconfig"; path = "Pods/Target Support Files/Pods-CephMonitor/Pods-CephMonitor.debug.xcconfig"; sourceTree = "<group>"; };
		B04F33D91B1EE4CB00F9E9EB /* 行動儀表板.app */ = {isa = PBXFileReference; explicitFileType = wrapper.application; includeInIndex = 0; path = "行動儀表板.app"; sourceTree = BUILT_PRODUCTS_DIR; };
		B04F33DD1B1EE4CB00F9E9EB /* Info.plist */ = {isa = PBXFileReference; lastKnownFileType = text.plist.xml; path = Info.plist; sourceTree = "<group>"; };
		B04F33DE1B1EE4CB00F9E9EB /* main.m */ = {isa = PBXFileReference; lastKnownFileType = sourcecode.c.objc; path = main.m; sourceTree = "<group>"; };
		B04F33E01B1EE4CB00F9E9EB /* AppDelegate.h */ = {isa = PBXFileReference; lastKnownFileType = sourcecode.c.h; path = AppDelegate.h; sourceTree = "<group>"; };
		B04F33E11B1EE4CB00F9E9EB /* AppDelegate.m */ = {isa = PBXFileReference; lastKnownFileType = sourcecode.c.objc; path = AppDelegate.m; sourceTree = "<group>"; };
		B04F33E91B1EE4CB00F9E9EB /* Images.xcassets */ = {isa = PBXFileReference; lastKnownFileType = folder.assetcatalog; path = Images.xcassets; sourceTree = "<group>"; };
		B04F33EC1B1EE4CB00F9E9EB /* Base */ = {isa = PBXFileReference; lastKnownFileType = file.xib; name = Base; path = Base.lproj/LaunchScreen.xib; sourceTree = "<group>"; };
		B04F33F21B1EE4CB00F9E9EB /* CephMonitorTests.xctest */ = {isa = PBXFileReference; explicitFileType = wrapper.cfbundle; includeInIndex = 0; path = CephMonitorTests.xctest; sourceTree = BUILT_PRODUCTS_DIR; };
		B04F33F71B1EE4CB00F9E9EB /* Info.plist */ = {isa = PBXFileReference; lastKnownFileType = text.plist.xml; path = Info.plist; sourceTree = "<group>"; };
		B04F33F81B1EE4CB00F9E9EB /* CephMonitorTests.m */ = {isa = PBXFileReference; lastKnownFileType = sourcecode.c.objc; path = CephMonitorTests.m; sourceTree = "<group>"; };
		B04F340B1B1EE6E400F9E9EB /* UIColor+Extra.h */ = {isa = PBXFileReference; fileEncoding = 4; lastKnownFileType = sourcecode.c.h; path = "UIColor+Extra.h"; sourceTree = "<group>"; };
		B04F340C1B1EE6E400F9E9EB /* UIColor+Extra.m */ = {isa = PBXFileReference; fileEncoding = 4; lastKnownFileType = sourcecode.c.objc; path = "UIColor+Extra.m"; sourceTree = "<group>"; };
		B04F340D1B1EE6E400F9E9EB /* UIFont+Extra.h */ = {isa = PBXFileReference; fileEncoding = 4; lastKnownFileType = sourcecode.c.h; path = "UIFont+Extra.h"; sourceTree = "<group>"; };
		B04F340E1B1EE6E400F9E9EB /* UIFont+Extra.m */ = {isa = PBXFileReference; fileEncoding = 4; lastKnownFileType = sourcecode.c.objc; path = "UIFont+Extra.m"; sourceTree = "<group>"; };
		B04F340F1B1EE6E400F9E9EB /* UIImage+Extra.h */ = {isa = PBXFileReference; fileEncoding = 4; lastKnownFileType = sourcecode.c.h; path = "UIImage+Extra.h"; sourceTree = "<group>"; };
		B04F34101B1EE6E400F9E9EB /* UIImage+Extra.m */ = {isa = PBXFileReference; fileEncoding = 4; lastKnownFileType = sourcecode.c.objc; path = "UIImage+Extra.m"; sourceTree = "<group>"; };
		B04F34111B1EE6E400F9E9EB /* UIView+Layout.h */ = {isa = PBXFileReference; fileEncoding = 4; lastKnownFileType = sourcecode.c.h; path = "UIView+Layout.h"; sourceTree = "<group>"; };
		B04F34121B1EE6E400F9E9EB /* UIView+Layout.m */ = {isa = PBXFileReference; fileEncoding = 4; lastKnownFileType = sourcecode.c.objc; path = "UIView+Layout.m"; sourceTree = "<group>"; };
		B04F34191B1EE73800F9E9EB /* RESTClient+MDS.h */ = {isa = PBXFileReference; fileEncoding = 4; lastKnownFileType = sourcecode.c.h; path = "RESTClient+MDS.h"; sourceTree = "<group>"; };
		B04F341A1B1EE73800F9E9EB /* RESTClient+MDS.m */ = {isa = PBXFileReference; fileEncoding = 4; lastKnownFileType = sourcecode.c.objc; path = "RESTClient+MDS.m"; sourceTree = "<group>"; };
		B04F341B1B1EE73800F9E9EB /* RESTClient+MON.h */ = {isa = PBXFileReference; fileEncoding = 4; lastKnownFileType = sourcecode.c.h; path = "RESTClient+MON.h"; sourceTree = "<group>"; };
		B04F341C1B1EE73800F9E9EB /* RESTClient+MON.m */ = {isa = PBXFileReference; fileEncoding = 4; lastKnownFileType = sourcecode.c.objc; path = "RESTClient+MON.m"; sourceTree = "<group>"; };
		B04F341D1B1EE73800F9E9EB /* RESTClient+OSD.h */ = {isa = PBXFileReference; fileEncoding = 4; lastKnownFileType = sourcecode.c.h; path = "RESTClient+OSD.h"; sourceTree = "<group>"; };
		B04F341E1B1EE73800F9E9EB /* RESTClient+OSD.m */ = {isa = PBXFileReference; fileEncoding = 4; lastKnownFileType = sourcecode.c.objc; path = "RESTClient+OSD.m"; sourceTree = "<group>"; };
		B04F341F1B1EE73800F9E9EB /* RESTClient+PG.h */ = {isa = PBXFileReference; fileEncoding = 4; lastKnownFileType = sourcecode.c.h; path = "RESTClient+PG.h"; sourceTree = "<group>"; };
		B04F34201B1EE73800F9E9EB /* RESTClient+PG.m */ = {isa = PBXFileReference; fileEncoding = 4; lastKnownFileType = sourcecode.c.objc; path = "RESTClient+PG.m"; sourceTree = "<group>"; };
		B04F34211B1EE73800F9E9EB /* RESTClient+Root.h */ = {isa = PBXFileReference; fileEncoding = 4; lastKnownFileType = sourcecode.c.h; path = "RESTClient+Root.h"; sourceTree = "<group>"; };
		B04F34221B1EE73800F9E9EB /* RESTClient+Root.m */ = {isa = PBXFileReference; fileEncoding = 4; lastKnownFileType = sourcecode.c.objc; path = "RESTClient+Root.m"; sourceTree = "<group>"; };
		B04F34231B1EE73800F9E9EB /* RESTClient+Tell.h */ = {isa = PBXFileReference; fileEncoding = 4; lastKnownFileType = sourcecode.c.h; path = "RESTClient+Tell.h"; sourceTree = "<group>"; };
		B04F34241B1EE73800F9E9EB /* RESTClient+Tell.m */ = {isa = PBXFileReference; fileEncoding = 4; lastKnownFileType = sourcecode.c.objc; path = "RESTClient+Tell.m"; sourceTree = "<group>"; };
		B04F34251B1EE73800F9E9EB /* RESTClient.h */ = {isa = PBXFileReference; fileEncoding = 4; lastKnownFileType = sourcecode.c.h; path = RESTClient.h; sourceTree = "<group>"; };
		B04F34261B1EE73800F9E9EB /* RESTClient.m */ = {isa = PBXFileReference; fileEncoding = 4; lastKnownFileType = sourcecode.c.objc; path = RESTClient.m; sourceTree = "<group>"; };
		B04F342F1B1EEA9800F9E9EB /* CephMonitor.pch */ = {isa = PBXFileReference; lastKnownFileType = sourcecode.c.h; path = CephMonitor.pch; sourceTree = "<group>"; };
		B04F34301B1EEEBC00F9E9EB /* OSDTableViewController.h */ = {isa = PBXFileReference; fileEncoding = 4; lastKnownFileType = sourcecode.c.h; path = OSDTableViewController.h; sourceTree = "<group>"; };
		B04F34311B1EEEBC00F9E9EB /* OSDTableViewController.m */ = {isa = PBXFileReference; fileEncoding = 4; lastKnownFileType = sourcecode.c.objc; path = OSDTableViewController.m; sourceTree = "<group>"; };
		B04F34341B1EF84C00F9E9EB /* OSDTableViewCell.h */ = {isa = PBXFileReference; fileEncoding = 4; lastKnownFileType = sourcecode.c.h; path = OSDTableViewCell.h; sourceTree = "<group>"; };
		B04F34351B1EF84C00F9E9EB /* OSDTableViewCell.m */ = {isa = PBXFileReference; fileEncoding = 4; lastKnownFileType = sourcecode.c.objc; path = OSDTableViewCell.m; sourceTree = "<group>"; };
		B04F34401B1F1F4200F9E9EB /* BaseModel.h */ = {isa = PBXFileReference; fileEncoding = 4; lastKnownFileType = sourcecode.c.h; path = BaseModel.h; sourceTree = "<group>"; };
		B04F34411B1F1F4200F9E9EB /* BaseModel.m */ = {isa = PBXFileReference; fileEncoding = 4; lastKnownFileType = sourcecode.c.objc; path = BaseModel.m; sourceTree = "<group>"; };
		B04F34431B1F211200F9E9EB /* OSDModel.h */ = {isa = PBXFileReference; fileEncoding = 4; lastKnownFileType = sourcecode.c.h; path = OSDModel.h; sourceTree = "<group>"; };
		B04F34441B1F211200F9E9EB /* OSDModel.m */ = {isa = PBXFileReference; fileEncoding = 4; lastKnownFileType = sourcecode.c.objc; path = OSDModel.m; sourceTree = "<group>"; };
		B05DBFA71B215D2B001E640D /* BaseViewController.h */ = {isa = PBXFileReference; fileEncoding = 4; lastKnownFileType = sourcecode.c.h; path = BaseViewController.h; sourceTree = "<group>"; };
		B05DBFA81B215D2B001E640D /* BaseViewController.m */ = {isa = PBXFileReference; fileEncoding = 4; lastKnownFileType = sourcecode.c.objc; path = BaseViewController.m; sourceTree = "<group>"; };
		B05DBFAA1B215D3D001E640D /* BaseTableViewController.h */ = {isa = PBXFileReference; fileEncoding = 4; lastKnownFileType = sourcecode.c.h; path = BaseTableViewController.h; sourceTree = "<group>"; };
		B05DBFAB1B215D3D001E640D /* BaseTableViewController.m */ = {isa = PBXFileReference; fileEncoding = 4; lastKnownFileType = sourcecode.c.objc; path = BaseTableViewController.m; sourceTree = "<group>"; };
		B05DBFAD1B215E3B001E640D /* SliderMenuViewController.h */ = {isa = PBXFileReference; fileEncoding = 4; lastKnownFileType = sourcecode.c.h; path = SliderMenuViewController.h; sourceTree = "<group>"; };
		B05DBFAE1B215E3B001E640D /* SliderMenuViewController.m */ = {isa = PBXFileReference; fileEncoding = 4; lastKnownFileType = sourcecode.c.objc; path = SliderMenuViewController.m; sourceTree = "<group>"; };
		B05DBFB01B215E46001E640D /* SliderMenuView.h */ = {isa = PBXFileReference; fileEncoding = 4; lastKnownFileType = sourcecode.c.h; path = SliderMenuView.h; sourceTree = "<group>"; };
		B05DBFB11B215E46001E640D /* SliderMenuView.m */ = {isa = PBXFileReference; fileEncoding = 4; lastKnownFileType = sourcecode.c.objc; path = SliderMenuView.m; sourceTree = "<group>"; };
		B05DBFB31B215EB5001E640D /* SliderMenuModel.h */ = {isa = PBXFileReference; fileEncoding = 4; lastKnownFileType = sourcecode.c.h; path = SliderMenuModel.h; sourceTree = "<group>"; };
		B05DBFB41B215EB5001E640D /* SliderMenuModel.m */ = {isa = PBXFileReference; fileEncoding = 4; lastKnownFileType = sourcecode.c.objc; path = SliderMenuModel.m; sourceTree = "<group>"; };
		B05DBFB61B217296001E640D /* LoginViewController.h */ = {isa = PBXFileReference; fileEncoding = 4; lastKnownFileType = sourcecode.c.h; path = LoginViewController.h; sourceTree = "<group>"; };
		B05DBFB71B217296001E640D /* LoginViewController.m */ = {isa = PBXFileReference; fileEncoding = 4; lastKnownFileType = sourcecode.c.objc; path = LoginViewController.m; sourceTree = "<group>"; };
		B05DBFB91B2172D6001E640D /* LoginView.h */ = {isa = PBXFileReference; fileEncoding = 4; lastKnownFileType = sourcecode.c.h; path = LoginView.h; sourceTree = "<group>"; };
		B05DBFBA1B2172D6001E640D /* LoginView.m */ = {isa = PBXFileReference; fileEncoding = 4; lastKnownFileType = sourcecode.c.objc; path = LoginView.m; sourceTree = "<group>"; };
		B05DBFBC1B21E5D3001E640D /* LogViewController.h */ = {isa = PBXFileReference; fileEncoding = 4; lastKnownFileType = sourcecode.c.h; path = LogViewController.h; sourceTree = "<group>"; };
		B05DBFBD1B21E5D3001E640D /* LogViewController.m */ = {isa = PBXFileReference; fileEncoding = 4; lastKnownFileType = sourcecode.c.objc; path = LogViewController.m; sourceTree = "<group>"; };
		B05DBFBF1B21E644001E640D /* LogTableViewCell.h */ = {isa = PBXFileReference; fileEncoding = 4; lastKnownFileType = sourcecode.c.h; path = LogTableViewCell.h; sourceTree = "<group>"; };
		B05DBFC01B21E644001E640D /* LogTableViewCell.m */ = {isa = PBXFileReference; fileEncoding = 4; lastKnownFileType = sourcecode.c.objc; path = LogTableViewCell.m; sourceTree = "<group>"; };
		B05DBFC21B21E68A001E640D /* LogModel.h */ = {isa = PBXFileReference; fileEncoding = 4; lastKnownFileType = sourcecode.c.h; path = LogModel.h; sourceTree = "<group>"; };
		B05DBFC31B21E68A001E640D /* LogModel.m */ = {isa = PBXFileReference; fileEncoding = 4; lastKnownFileType = sourcecode.c.objc; path = LogModel.m; sourceTree = "<group>"; };
		B05DBFC51B22A133001E640D /* HealthViewController.h */ = {isa = PBXFileReference; fileEncoding = 4; lastKnownFileType = sourcecode.c.h; path = HealthViewController.h; sourceTree = "<group>"; };
		B05DBFC61B22A133001E640D /* HealthViewController.m */ = {isa = PBXFileReference; fileEncoding = 4; lastKnownFileType = sourcecode.c.objc; path = HealthViewController.m; sourceTree = "<group>"; };
		B05DBFC81B22A1CA001E640D /* BaseCollectionViewController.h */ = {isa = PBXFileReference; fileEncoding = 4; lastKnownFileType = sourcecode.c.h; path = BaseCollectionViewController.h; sourceTree = "<group>"; };
		B05DBFC91B22A1CA001E640D /* BaseCollectionViewController.m */ = {isa = PBXFileReference; fileEncoding = 4; lastKnownFileType = sourcecode.c.objc; path = BaseCollectionViewController.m; sourceTree = "<group>"; };
		B05DBFCC1B22A51C001E640D /* HealthViewFlowLayout.h */ = {isa = PBXFileReference; fileEncoding = 4; lastKnownFileType = sourcecode.c.h; path = HealthViewFlowLayout.h; sourceTree = "<group>"; };
		B05DBFCD1B22A51C001E640D /* HealthViewFlowLayout.m */ = {isa = PBXFileReference; fileEncoding = 4; lastKnownFileType = sourcecode.c.objc; path = HealthViewFlowLayout.m; sourceTree = "<group>"; };
		B05DBFCF1B22A5AA001E640D /* HealthCollectionViewCell.h */ = {isa = PBXFileReference; fileEncoding = 4; lastKnownFileType = sourcecode.c.h; path = HealthCollectionViewCell.h; sourceTree = "<group>"; };
		B05DBFD01B22A5AA001E640D /* HealthCollectionViewCell.m */ = {isa = PBXFileReference; fileEncoding = 4; lastKnownFileType = sourcecode.c.objc; path = HealthCollectionViewCell.m; sourceTree = "<group>"; };
		B05DBFD21B22C461001E640D /* HealthModel.h */ = {isa = PBXFileReference; fileEncoding = 4; lastKnownFileType = sourcecode.c.h; path = HealthModel.h; sourceTree = "<group>"; };
		B05DBFD31B22C461001E640D /* HealthModel.m */ = {isa = PBXFileReference; fileEncoding = 4; lastKnownFileType = sourcecode.c.objc; path = HealthModel.m; sourceTree = "<group>"; };
		B05DBFD61B22E63F001E640D /* AlertTableViewCell.h */ = {isa = PBXFileReference; fileEncoding = 4; lastKnownFileType = sourcecode.c.h; path = AlertTableViewCell.h; sourceTree = "<group>"; };
		B05DBFD71B22E63F001E640D /* AlertTableViewCell.m */ = {isa = PBXFileReference; fileEncoding = 4; lastKnownFileType = sourcecode.c.objc; path = AlertTableViewCell.m; sourceTree = "<group>"; };
		B05DBFD81B22E63F001E640D /* AlertTableViewHeader.h */ = {isa = PBXFileReference; fileEncoding = 4; lastKnownFileType = sourcecode.c.h; path = AlertTableViewHeader.h; sourceTree = "<group>"; };
		B05DBFD91B22E63F001E640D /* AlertTableViewHeader.m */ = {isa = PBXFileReference; fileEncoding = 4; lastKnownFileType = sourcecode.c.objc; path = AlertTableViewHeader.m; sourceTree = "<group>"; };
		B05DBFDA1B22E63F001E640D /* CustomAlertView.h */ = {isa = PBXFileReference; fileEncoding = 4; lastKnownFileType = sourcecode.c.h; path = CustomAlertView.h; sourceTree = "<group>"; };
		B05DBFDB1B22E63F001E640D /* CustomAlertView.m */ = {isa = PBXFileReference; fileEncoding = 4; lastKnownFileType = sourcecode.c.objc; path = CustomAlertView.m; sourceTree = "<group>"; };
/* End PBXFileReference section */

/* Begin PBXFrameworksBuildPhase section */
		B04F33D61B1EE4CB00F9E9EB /* Frameworks */ = {
			isa = PBXFrameworksBuildPhase;
			buildActionMask = 2147483647;
			files = (
				DFAADC2FBAE0B2E0DB8BF0DA /* libPods-CephMonitor.a in Frameworks */,
			);
			runOnlyForDeploymentPostprocessing = 0;
		};
		B04F33EF1B1EE4CB00F9E9EB /* Frameworks */ = {
			isa = PBXFrameworksBuildPhase;
			buildActionMask = 2147483647;
			files = (
			);
			runOnlyForDeploymentPostprocessing = 0;
		};
/* End PBXFrameworksBuildPhase section */

/* Begin PBXGroup section */
		03FBE887B46F4960C4346EA0 /* Pods */ = {
			isa = PBXGroup;
			children = (
				883E5E6D07738F4AA0A9A324 /* Pods-CephMonitor.debug.xcconfig */,
				46C23F11D268A6D7DEDD2CC3 /* Pods-CephMonitor.release.xcconfig */,
			);
			name = Pods;
			sourceTree = "<group>";
		};
		B04F33D01B1EE4CB00F9E9EB = {
			isa = PBXGroup;
			children = (
				B04F33DB1B1EE4CB00F9E9EB /* CephMonitor */,
				B04F33F51B1EE4CB00F9E9EB /* CephMonitorTests */,
				B04F33DA1B1EE4CB00F9E9EB /* Products */,
				03FBE887B46F4960C4346EA0 /* Pods */,
				DCD58D08C3B08DD69CDD9062 /* Frameworks */,
			);
			sourceTree = "<group>";
		};
		B04F33DA1B1EE4CB00F9E9EB /* Products */ = {
			isa = PBXGroup;
			children = (
				B04F33D91B1EE4CB00F9E9EB /* 行動儀表板.app */,
				B04F33F21B1EE4CB00F9E9EB /* CephMonitorTests.xctest */,
			);
			name = Products;
			sourceTree = "<group>";
		};
		B04F33DB1B1EE4CB00F9E9EB /* CephMonitor */ = {
			isa = PBXGroup;
			children = (
				B04F34021B1EE69800F9E9EB /* Classes */,
				B04F33E01B1EE4CB00F9E9EB /* AppDelegate.h */,
				B04F33E11B1EE4CB00F9E9EB /* AppDelegate.m */,
				B04F33E91B1EE4CB00F9E9EB /* Images.xcassets */,
				B04F33EB1B1EE4CB00F9E9EB /* LaunchScreen.xib */,
				B04F33DC1B1EE4CB00F9E9EB /* Supporting Files */,
			);
			path = CephMonitor;
			sourceTree = "<group>";
		};
		B04F33DC1B1EE4CB00F9E9EB /* Supporting Files */ = {
			isa = PBXGroup;
			children = (
				B04F33DD1B1EE4CB00F9E9EB /* Info.plist */,
				B04F33DE1B1EE4CB00F9E9EB /* main.m */,
				B04F342F1B1EEA9800F9E9EB /* CephMonitor.pch */,
			);
			name = "Supporting Files";
			sourceTree = "<group>";
		};
		B04F33F51B1EE4CB00F9E9EB /* CephMonitorTests */ = {
			isa = PBXGroup;
			children = (
				B04F33F81B1EE4CB00F9E9EB /* CephMonitorTests.m */,
				B04F33F61B1EE4CB00F9E9EB /* Supporting Files */,
			);
			path = CephMonitorTests;
			sourceTree = "<group>";
		};
		B04F33F61B1EE4CB00F9E9EB /* Supporting Files */ = {
			isa = PBXGroup;
			children = (
				B04F33F71B1EE4CB00F9E9EB /* Info.plist */,
			);
			name = "Supporting Files";
			sourceTree = "<group>";
		};
		B04F34021B1EE69800F9E9EB /* Classes */ = {
			isa = PBXGroup;
			children = (
				B04F34171B1EE73800F9E9EB /* Networking */,
				B04F34031B1EE69800F9E9EB /* Categries */,
				B04F34041B1EE69800F9E9EB /* Helper */,
				B04F34051B1EE69800F9E9EB /* Models */,
				B04F34061B1EE69800F9E9EB /* ViewControllers */,
				B04F34071B1EE69800F9E9EB /* Views */,
			);
			path = Classes;
			sourceTree = "<group>";
		};
		B04F34031B1EE69800F9E9EB /* Categries */ = {
			isa = PBXGroup;
			children = (
				B04F340B1B1EE6E400F9E9EB /* UIColor+Extra.h */,
				B04F340C1B1EE6E400F9E9EB /* UIColor+Extra.m */,
				B04F340D1B1EE6E400F9E9EB /* UIFont+Extra.h */,
				B04F340E1B1EE6E400F9E9EB /* UIFont+Extra.m */,
				B04F340F1B1EE6E400F9E9EB /* UIImage+Extra.h */,
				B04F34101B1EE6E400F9E9EB /* UIImage+Extra.m */,
				B04F34111B1EE6E400F9E9EB /* UIView+Layout.h */,
				B04F34121B1EE6E400F9E9EB /* UIView+Layout.m */,
			);
			path = Categries;
			sourceTree = "<group>";
		};
		B04F34041B1EE69800F9E9EB /* Helper */ = {
			isa = PBXGroup;
			children = (
			);
			path = Helper;
			sourceTree = "<group>";
		};
		B04F34051B1EE69800F9E9EB /* Models */ = {
			isa = PBXGroup;
			children = (
				B04F34401B1F1F4200F9E9EB /* BaseModel.h */,
				B04F34411B1F1F4200F9E9EB /* BaseModel.m */,
				B04F34431B1F211200F9E9EB /* OSDModel.h */,
				B04F34441B1F211200F9E9EB /* OSDModel.m */,
				B05DBFC21B21E68A001E640D /* LogModel.h */,
				B05DBFC31B21E68A001E640D /* LogModel.m */,
				B05DBFB31B215EB5001E640D /* SliderMenuModel.h */,
				B05DBFB41B215EB5001E640D /* SliderMenuModel.m */,
				B05DBFD21B22C461001E640D /* HealthModel.h */,
				B05DBFD31B22C461001E640D /* HealthModel.m */,
			);
			path = Models;
			sourceTree = "<group>";
		};
		B04F34061B1EE69800F9E9EB /* ViewControllers */ = {
			isa = PBXGroup;
			children = (
				B05DBFA61B215D2B001E640D /* BaseViewControllers */,
				B05DBFB61B217296001E640D /* LoginViewController.h */,
				B05DBFB71B217296001E640D /* LoginViewController.m */,
				B05DBFC51B22A133001E640D /* HealthViewController.h */,
				B05DBFC61B22A133001E640D /* HealthViewController.m */,
				B05DBFAD1B215E3B001E640D /* SliderMenuViewController.h */,
				B05DBFAE1B215E3B001E640D /* SliderMenuViewController.m */,
				B04F34301B1EEEBC00F9E9EB /* OSDTableViewController.h */,
				B04F34311B1EEEBC00F9E9EB /* OSDTableViewController.m */,
				B05DBFBC1B21E5D3001E640D /* LogViewController.h */,
				B05DBFBD1B21E5D3001E640D /* LogViewController.m */,
			);
			path = ViewControllers;
			sourceTree = "<group>";
		};
		B04F34071B1EE69800F9E9EB /* Views */ = {
			isa = PBXGroup;
			children = (
				B05DBFD51B22E63F001E640D /* AlertViews */,
				B04F34331B1EF83800F9E9EB /* Cells */,
				B05DBFCB1B22A509001E640D /* CollectViewLayouts */,
				B05DBFB91B2172D6001E640D /* LoginView.h */,
				B05DBFBA1B2172D6001E640D /* LoginView.m */,
				B05DBFB01B215E46001E640D /* SliderMenuView.h */,
				B05DBFB11B215E46001E640D /* SliderMenuView.m */,
			);
			path = Views;
			sourceTree = "<group>";
		};
		B04F34171B1EE73800F9E9EB /* Networking */ = {
			isa = PBXGroup;
			children = (
				B04F34181B1EE73800F9E9EB /* apis */,
				B04F34251B1EE73800F9E9EB /* RESTClient.h */,
				B04F34261B1EE73800F9E9EB /* RESTClient.m */,
			);
			path = Networking;
			sourceTree = "<group>";
		};
		B04F34181B1EE73800F9E9EB /* apis */ = {
			isa = PBXGroup;
			children = (
				B04F34191B1EE73800F9E9EB /* RESTClient+MDS.h */,
				B04F341A1B1EE73800F9E9EB /* RESTClient+MDS.m */,
				B04F341B1B1EE73800F9E9EB /* RESTClient+MON.h */,
				B04F341C1B1EE73800F9E9EB /* RESTClient+MON.m */,
				B04F341D1B1EE73800F9E9EB /* RESTClient+OSD.h */,
				B04F341E1B1EE73800F9E9EB /* RESTClient+OSD.m */,
				B04F341F1B1EE73800F9E9EB /* RESTClient+PG.h */,
				B04F34201B1EE73800F9E9EB /* RESTClient+PG.m */,
				B04F34211B1EE73800F9E9EB /* RESTClient+Root.h */,
				B04F34221B1EE73800F9E9EB /* RESTClient+Root.m */,
				B04F34231B1EE73800F9E9EB /* RESTClient+Tell.h */,
				B04F34241B1EE73800F9E9EB /* RESTClient+Tell.m */,
			);
			path = apis;
			sourceTree = "<group>";
		};
		B04F34331B1EF83800F9E9EB /* Cells */ = {
			isa = PBXGroup;
			children = (
				B05DBFCF1B22A5AA001E640D /* HealthCollectionViewCell.h */,
				B05DBFD01B22A5AA001E640D /* HealthCollectionViewCell.m */,
				B05DBFBF1B21E644001E640D /* LogTableViewCell.h */,
				B05DBFC01B21E644001E640D /* LogTableViewCell.m */,
				B04F34341B1EF84C00F9E9EB /* OSDTableViewCell.h */,
				B04F34351B1EF84C00F9E9EB /* OSDTableViewCell.m */,
			);
			path = Cells;
			sourceTree = "<group>";
		};
		B05DBFA61B215D2B001E640D /* BaseViewControllers */ = {
			isa = PBXGroup;
			children = (
				B05DBFA71B215D2B001E640D /* BaseViewController.h */,
				B05DBFA81B215D2B001E640D /* BaseViewController.m */,
				B05DBFAA1B215D3D001E640D /* BaseTableViewController.h */,
				B05DBFAB1B215D3D001E640D /* BaseTableViewController.m */,
				B05DBFC81B22A1CA001E640D /* BaseCollectionViewController.h */,
				B05DBFC91B22A1CA001E640D /* BaseCollectionViewController.m */,
			);
			path = BaseViewControllers;
			sourceTree = "<group>";
		};
		B05DBFCB1B22A509001E640D /* CollectViewLayouts */ = {
			isa = PBXGroup;
			children = (
				B05DBFCC1B22A51C001E640D /* HealthViewFlowLayout.h */,
				B05DBFCD1B22A51C001E640D /* HealthViewFlowLayout.m */,
			);
			path = CollectViewLayouts;
			sourceTree = "<group>";
		};
		B05DBFD51B22E63F001E640D /* AlertViews */ = {
			isa = PBXGroup;
			children = (
				B05DBFD61B22E63F001E640D /* AlertTableViewCell.h */,
				B05DBFD71B22E63F001E640D /* AlertTableViewCell.m */,
				B05DBFD81B22E63F001E640D /* AlertTableViewHeader.h */,
				B05DBFD91B22E63F001E640D /* AlertTableViewHeader.m */,
				B05DBFDA1B22E63F001E640D /* CustomAlertView.h */,
				B05DBFDB1B22E63F001E640D /* CustomAlertView.m */,
			);
			path = AlertViews;
			sourceTree = "<group>";
		};
		DCD58D08C3B08DD69CDD9062 /* Frameworks */ = {
			isa = PBXGroup;
			children = (
				0D8CFC87B7EC3DF6D8026AA5 /* libPods-CephMonitor.a */,
			);
			name = Frameworks;
			sourceTree = "<group>";
		};
/* End PBXGroup section */

/* Begin PBXNativeTarget section */
		B04F33D81B1EE4CB00F9E9EB /* CephMonitor */ = {
			isa = PBXNativeTarget;
			buildConfigurationList = B04F33FC1B1EE4CB00F9E9EB /* Build configuration list for PBXNativeTarget "CephMonitor" */;
			buildPhases = (
				8D87946C71EAE1F072FCB695 /* Check Pods Manifest.lock */,
				B04F33D51B1EE4CB00F9E9EB /* Sources */,
				B04F33D61B1EE4CB00F9E9EB /* Frameworks */,
				B04F33D71B1EE4CB00F9E9EB /* Resources */,
				EED63C9EF7586E75B444EC6A /* Copy Pods Resources */,
			);
			buildRules = (
			);
			dependencies = (
			);
			name = CephMonitor;
			productName = CephMonitor;
			productReference = B04F33D91B1EE4CB00F9E9EB /* 行動儀表板.app */;
			productType = "com.apple.product-type.application";
		};
		B04F33F11B1EE4CB00F9E9EB /* CephMonitorTests */ = {
			isa = PBXNativeTarget;
			buildConfigurationList = B04F33FF1B1EE4CB00F9E9EB /* Build configuration list for PBXNativeTarget "CephMonitorTests" */;
			buildPhases = (
				B04F33EE1B1EE4CB00F9E9EB /* Sources */,
				B04F33EF1B1EE4CB00F9E9EB /* Frameworks */,
				B04F33F01B1EE4CB00F9E9EB /* Resources */,
			);
			buildRules = (
			);
			dependencies = (
				B04F33F41B1EE4CB00F9E9EB /* PBXTargetDependency */,
			);
			name = CephMonitorTests;
			productName = CephMonitorTests;
			productReference = B04F33F21B1EE4CB00F9E9EB /* CephMonitorTests.xctest */;
			productType = "com.apple.product-type.bundle.unit-test";
		};
/* End PBXNativeTarget section */

/* Begin PBXProject section */
		B04F33D11B1EE4CB00F9E9EB /* Project object */ = {
			isa = PBXProject;
			attributes = {
				LastUpgradeCheck = 0630;
				ORGANIZATIONNAME = KaiRen.Bai;
				TargetAttributes = {
					B04F33D81B1EE4CB00F9E9EB = {
						CreatedOnToolsVersion = 6.3.2;
					};
					B04F33F11B1EE4CB00F9E9EB = {
						CreatedOnToolsVersion = 6.3.2;
						TestTargetID = B04F33D81B1EE4CB00F9E9EB;
					};
				};
			};
			buildConfigurationList = B04F33D41B1EE4CB00F9E9EB /* Build configuration list for PBXProject "CephMonitor" */;
			compatibilityVersion = "Xcode 3.2";
			developmentRegion = English;
			hasScannedForEncodings = 0;
			knownRegions = (
				en,
				Base,
			);
			mainGroup = B04F33D01B1EE4CB00F9E9EB;
			productRefGroup = B04F33DA1B1EE4CB00F9E9EB /* Products */;
			projectDirPath = "";
			projectRoot = "";
			targets = (
				B04F33D81B1EE4CB00F9E9EB /* CephMonitor */,
				B04F33F11B1EE4CB00F9E9EB /* CephMonitorTests */,
			);
		};
/* End PBXProject section */

/* Begin PBXResourcesBuildPhase section */
		B04F33D71B1EE4CB00F9E9EB /* Resources */ = {
			isa = PBXResourcesBuildPhase;
			buildActionMask = 2147483647;
			files = (
				B04F33ED1B1EE4CB00F9E9EB /* LaunchScreen.xib in Resources */,
				B04F33EA1B1EE4CB00F9E9EB /* Images.xcassets in Resources */,
			);
			runOnlyForDeploymentPostprocessing = 0;
		};
		B04F33F01B1EE4CB00F9E9EB /* Resources */ = {
			isa = PBXResourcesBuildPhase;
			buildActionMask = 2147483647;
			files = (
			);
			runOnlyForDeploymentPostprocessing = 0;
		};
/* End PBXResourcesBuildPhase section */

/* Begin PBXShellScriptBuildPhase section */
		8D87946C71EAE1F072FCB695 /* Check Pods Manifest.lock */ = {
			isa = PBXShellScriptBuildPhase;
			buildActionMask = 2147483647;
			files = (
			);
			inputPaths = (
			);
			name = "Check Pods Manifest.lock";
			outputPaths = (
			);
			runOnlyForDeploymentPostprocessing = 0;
			shellPath = /bin/sh;
			shellScript = "diff \"${PODS_ROOT}/../Podfile.lock\" \"${PODS_ROOT}/Manifest.lock\" > /dev/null\nif [[ $? != 0 ]] ; then\n    cat << EOM\nerror: The sandbox is not in sync with the Podfile.lock. Run 'pod install' or update your CocoaPods installation.\nEOM\n    exit 1\nfi\n";
			showEnvVarsInLog = 0;
		};
		EED63C9EF7586E75B444EC6A /* Copy Pods Resources */ = {
			isa = PBXShellScriptBuildPhase;
			buildActionMask = 2147483647;
			files = (
			);
			inputPaths = (
			);
			name = "Copy Pods Resources";
			outputPaths = (
			);
			runOnlyForDeploymentPostprocessing = 0;
			shellPath = /bin/sh;
			shellScript = "\"${SRCROOT}/Pods/Target Support Files/Pods-CephMonitor/Pods-CephMonitor-resources.sh\"\n";
			showEnvVarsInLog = 0;
		};
/* End PBXShellScriptBuildPhase section */

/* Begin PBXSourcesBuildPhase section */
		B04F33D51B1EE4CB00F9E9EB /* Sources */ = {
			isa = PBXSourcesBuildPhase;
			buildActionMask = 2147483647;
			files = (
				B04F34291B1EE73800F9E9EB /* RESTClient+OSD.m in Sources */,
				B05DBFB81B217296001E640D /* LoginViewController.m in Sources */,
				B05DBFA91B215D2B001E640D /* BaseViewController.m in Sources */,
				B04F33E21B1EE4CB00F9E9EB /* AppDelegate.m in Sources */,
				B05DBFCE1B22A51C001E640D /* HealthViewFlowLayout.m in Sources */,
				B04F34421B1F1F4200F9E9EB /* BaseModel.m in Sources */,
				B05DBFAF1B215E3B001E640D /* SliderMenuViewController.m in Sources */,
				B05DBFB51B215EB5001E640D /* SliderMenuModel.m in Sources */,
				B05DBFAC1B215D3D001E640D /* BaseTableViewController.m in Sources */,
				B05DBFB21B215E46001E640D /* SliderMenuView.m in Sources */,
				B05DBFD11B22A5AA001E640D /* HealthCollectionViewCell.m in Sources */,
				B04F342C1B1EE73800F9E9EB /* RESTClient+Tell.m in Sources */,
				B05DBFC11B21E644001E640D /* LogTableViewCell.m in Sources */,
				B05DBFC41B21E68A001E640D /* LogModel.m in Sources */,
				B04F34151B1EE6E400F9E9EB /* UIImage+Extra.m in Sources */,
				B05DBFD41B22C461001E640D /* HealthModel.m in Sources */,
				B04F342B1B1EE73800F9E9EB /* RESTClient+Root.m in Sources */,
				B05DBFC71B22A133001E640D /* HealthViewController.m in Sources */,
				B04F34131B1EE6E400F9E9EB /* UIColor+Extra.m in Sources */,
				B04F34451B1F211200F9E9EB /* OSDModel.m in Sources */,
				B04F34361B1EF84C00F9E9EB /* OSDTableViewCell.m in Sources */,
				B04F34161B1EE6E400F9E9EB /* UIView+Layout.m in Sources */,
				B04F34141B1EE6E400F9E9EB /* UIFont+Extra.m in Sources */,
				B05DBFDC1B22E63F001E640D /* AlertTableViewCell.m in Sources */,
				B04F33DF1B1EE4CB00F9E9EB /* main.m in Sources */,
				B05DBFBB1B2172D6001E640D /* LoginView.m in Sources */,
				B04F342D1B1EE73800F9E9EB /* RESTClient.m in Sources */,
				B05DBFCA1B22A1CA001E640D /* BaseCollectionViewController.m in Sources */,
				B04F34321B1EEEBC00F9E9EB /* OSDTableViewController.m in Sources */,
				B05DBFBE1B21E5D3001E640D /* LogViewController.m in Sources */,
				B04F342A1B1EE73800F9E9EB /* RESTClient+PG.m in Sources */,
				B05DBFDD1B22E63F001E640D /* AlertTableViewHeader.m in Sources */,
				B04F34271B1EE73800F9E9EB /* RESTClient+MDS.m in Sources */,
				B05DBFDE1B22E63F001E640D /* CustomAlertView.m in Sources */,
				B04F34281B1EE73800F9E9EB /* RESTClient+MON.m in Sources */,
			);
			runOnlyForDeploymentPostprocessing = 0;
		};
		B04F33EE1B1EE4CB00F9E9EB /* Sources */ = {
			isa = PBXSourcesBuildPhase;
			buildActionMask = 2147483647;
			files = (
				B04F33F91B1EE4CB00F9E9EB /* CephMonitorTests.m in Sources */,
			);
			runOnlyForDeploymentPostprocessing = 0;
		};
/* End PBXSourcesBuildPhase section */

/* Begin PBXTargetDependency section */
		B04F33F41B1EE4CB00F9E9EB /* PBXTargetDependency */ = {
			isa = PBXTargetDependency;
			target = B04F33D81B1EE4CB00F9E9EB /* CephMonitor */;
			targetProxy = B04F33F31B1EE4CB00F9E9EB /* PBXContainerItemProxy */;
		};
/* End PBXTargetDependency section */

/* Begin PBXVariantGroup section */
		B04F33EB1B1EE4CB00F9E9EB /* LaunchScreen.xib */ = {
			isa = PBXVariantGroup;
			children = (
				B04F33EC1B1EE4CB00F9E9EB /* Base */,
			);
			name = LaunchScreen.xib;
			sourceTree = "<group>";
		};
/* End PBXVariantGroup section */

/* Begin XCBuildConfiguration section */
		B04F33FA1B1EE4CB00F9E9EB /* Debug */ = {
			isa = XCBuildConfiguration;
			buildSettings = {
				ALWAYS_SEARCH_USER_PATHS = NO;
				CLANG_CXX_LANGUAGE_STANDARD = "gnu++0x";
				CLANG_CXX_LIBRARY = "libc++";
				CLANG_ENABLE_MODULES = YES;
				CLANG_ENABLE_OBJC_ARC = YES;
				CLANG_WARN_BOOL_CONVERSION = YES;
				CLANG_WARN_CONSTANT_CONVERSION = YES;
				CLANG_WARN_DIRECT_OBJC_ISA_USAGE = YES_ERROR;
				CLANG_WARN_EMPTY_BODY = YES;
				CLANG_WARN_ENUM_CONVERSION = YES;
				CLANG_WARN_INT_CONVERSION = YES;
				CLANG_WARN_OBJC_ROOT_CLASS = YES_ERROR;
				CLANG_WARN_UNREACHABLE_CODE = YES;
				CLANG_WARN__DUPLICATE_METHOD_MATCH = YES;
				"CODE_SIGN_IDENTITY[sdk=iphoneos*]" = "iPhone Developer";
				COPY_PHASE_STRIP = NO;
				DEBUG_INFORMATION_FORMAT = "dwarf-with-dsym";
				ENABLE_STRICT_OBJC_MSGSEND = YES;
				GCC_C_LANGUAGE_STANDARD = gnu99;
				GCC_DYNAMIC_NO_PIC = NO;
				GCC_NO_COMMON_BLOCKS = YES;
				GCC_OPTIMIZATION_LEVEL = 0;
				GCC_PREPROCESSOR_DEFINITIONS = (
					"DEBUG=1",
					"$(inherited)",
				);
				GCC_SYMBOLS_PRIVATE_EXTERN = NO;
				GCC_WARN_64_TO_32_BIT_CONVERSION = YES;
				GCC_WARN_ABOUT_RETURN_TYPE = YES_ERROR;
				GCC_WARN_UNDECLARED_SELECTOR = YES;
				GCC_WARN_UNINITIALIZED_AUTOS = YES_AGGRESSIVE;
				GCC_WARN_UNUSED_FUNCTION = YES;
				GCC_WARN_UNUSED_VARIABLE = YES;
				IPHONEOS_DEPLOYMENT_TARGET = 8.3;
				MTL_ENABLE_DEBUG_INFO = YES;
				ONLY_ACTIVE_ARCH = YES;
				SDKROOT = iphoneos;
			};
			name = Debug;
		};
		B04F33FB1B1EE4CB00F9E9EB /* Release */ = {
			isa = XCBuildConfiguration;
			buildSettings = {
				ALWAYS_SEARCH_USER_PATHS = NO;
				CLANG_CXX_LANGUAGE_STANDARD = "gnu++0x";
				CLANG_CXX_LIBRARY = "libc++";
				CLANG_ENABLE_MODULES = YES;
				CLANG_ENABLE_OBJC_ARC = YES;
				CLANG_WARN_BOOL_CONVERSION = YES;
				CLANG_WARN_CONSTANT_CONVERSION = YES;
				CLANG_WARN_DIRECT_OBJC_ISA_USAGE = YES_ERROR;
				CLANG_WARN_EMPTY_BODY = YES;
				CLANG_WARN_ENUM_CONVERSION = YES;
				CLANG_WARN_INT_CONVERSION = YES;
				CLANG_WARN_OBJC_ROOT_CLASS = YES_ERROR;
				CLANG_WARN_UNREACHABLE_CODE = YES;
				CLANG_WARN__DUPLICATE_METHOD_MATCH = YES;
				"CODE_SIGN_IDENTITY[sdk=iphoneos*]" = "iPhone Developer";
				COPY_PHASE_STRIP = NO;
				DEBUG_INFORMATION_FORMAT = "dwarf-with-dsym";
				ENABLE_NS_ASSERTIONS = NO;
				ENABLE_STRICT_OBJC_MSGSEND = YES;
				GCC_C_LANGUAGE_STANDARD = gnu99;
				GCC_NO_COMMON_BLOCKS = YES;
				GCC_WARN_64_TO_32_BIT_CONVERSION = YES;
				GCC_WARN_ABOUT_RETURN_TYPE = YES_ERROR;
				GCC_WARN_UNDECLARED_SELECTOR = YES;
				GCC_WARN_UNINITIALIZED_AUTOS = YES_AGGRESSIVE;
				GCC_WARN_UNUSED_FUNCTION = YES;
				GCC_WARN_UNUSED_VARIABLE = YES;
				IPHONEOS_DEPLOYMENT_TARGET = 8.3;
				MTL_ENABLE_DEBUG_INFO = NO;
				SDKROOT = iphoneos;
				VALIDATE_PRODUCT = YES;
			};
			name = Release;
		};
		B04F33FD1B1EE4CB00F9E9EB /* Debug */ = {
			isa = XCBuildConfiguration;
			baseConfigurationReference = 883E5E6D07738F4AA0A9A324 /* Pods-CephMonitor.debug.xcconfig */;
			buildSettings = {
				ASSETCATALOG_COMPILER_APPICON_NAME = AppIcon;
				GCC_PREFIX_HEADER = CephMonitor/CephMonitor.pch;
				INFOPLIST_FILE = CephMonitor/Info.plist;
				LD_RUNPATH_SEARCH_PATHS = "$(inherited) @executable_path/Frameworks";
				PRODUCT_NAME = "行動儀表板";
			};
			name = Debug;
		};
		B04F33FE1B1EE4CB00F9E9EB /* Release */ = {
			isa = XCBuildConfiguration;
			baseConfigurationReference = 46C23F11D268A6D7DEDD2CC3 /* Pods-CephMonitor.release.xcconfig */;
			buildSettings = {
				ASSETCATALOG_COMPILER_APPICON_NAME = AppIcon;
				GCC_PREFIX_HEADER = CephMonitor/CephMonitor.pch;
				INFOPLIST_FILE = CephMonitor/Info.plist;
				LD_RUNPATH_SEARCH_PATHS = "$(inherited) @executable_path/Frameworks";
				PRODUCT_NAME = "行動儀表板";
			};
			name = Release;
		};
		B04F34001B1EE4CB00F9E9EB /* Debug */ = {
			isa = XCBuildConfiguration;
			buildSettings = {
				BUNDLE_LOADER = "$(TEST_HOST)";
				FRAMEWORK_SEARCH_PATHS = (
					"$(SDKROOT)/Developer/Library/Frameworks",
					"$(inherited)",
				);
				GCC_PREPROCESSOR_DEFINITIONS = (
					"DEBUG=1",
					"$(inherited)",
				);
				INFOPLIST_FILE = CephMonitorTests/Info.plist;
				LD_RUNPATH_SEARCH_PATHS = "$(inherited) @executable_path/Frameworks @loader_path/Frameworks";
				PRODUCT_NAME = "$(TARGET_NAME)";
				TEST_HOST = "$(BUILT_PRODUCTS_DIR)/CephMonitor.app/CephMonitor";
			};
			name = Debug;
		};
		B04F34011B1EE4CB00F9E9EB /* Release */ = {
			isa = XCBuildConfiguration;
			buildSettings = {
				BUNDLE_LOADER = "$(TEST_HOST)";
				FRAMEWORK_SEARCH_PATHS = (
					"$(SDKROOT)/Developer/Library/Frameworks",
					"$(inherited)",
				);
				INFOPLIST_FILE = CephMonitorTests/Info.plist;
				LD_RUNPATH_SEARCH_PATHS = "$(inherited) @executable_path/Frameworks @loader_path/Frameworks";
				PRODUCT_NAME = "$(TARGET_NAME)";
				TEST_HOST = "$(BUILT_PRODUCTS_DIR)/CephMonitor.app/CephMonitor";
			};
			name = Release;
		};
/* End XCBuildConfiguration section */

/* Begin XCConfigurationList section */
		B04F33D41B1EE4CB00F9E9EB /* Build configuration list for PBXProject "CephMonitor" */ = {
			isa = XCConfigurationList;
			buildConfigurations = (
				B04F33FA1B1EE4CB00F9E9EB /* Debug */,
				B04F33FB1B1EE4CB00F9E9EB /* Release */,
			);
			defaultConfigurationIsVisible = 0;
			defaultConfigurationName = Release;
		};
		B04F33FC1B1EE4CB00F9E9EB /* Build configuration list for PBXNativeTarget "CephMonitor" */ = {
			isa = XCConfigurationList;
			buildConfigurations = (
				B04F33FD1B1EE4CB00F9E9EB /* Debug */,
				B04F33FE1B1EE4CB00F9E9EB /* Release */,
			);
			defaultConfigurationIsVisible = 0;
			defaultConfigurationName = Release;
		};
		B04F33FF1B1EE4CB00F9E9EB /* Build configuration list for PBXNativeTarget "CephMonitorTests" */ = {
			isa = XCConfigurationList;
			buildConfigurations = (
				B04F34001B1EE4CB00F9E9EB /* Debug */,
				B04F34011B1EE4CB00F9E9EB /* Release */,
			);
			defaultConfigurationIsVisible = 0;
			defaultConfigurationName = Release;
		};
/* End XCConfigurationList section */
	};
	rootObject = B04F33D11B1EE4CB00F9E9EB /* Project object */;
}
